{
  "name": "agora-de-ts",
  "lockfileVersion": 3,
  "requires": true,
  "packages": {
    "": {
      "name": "agora-de-ts",
      "workspaces": [
        "packages/*"
      ],
      "devDependencies": {
        "typescript": "^5.9.3"
      }
    },
    "node_modules/@agora-de/components": {
      "resolved": "packages/components",
      "link": true
    },
    "node_modules/@agora-de/domain": {
      "resolved": "packages/domain",
      "link": true
    },
    "node_modules/@agora-de/feature-agent-health": {
      "resolved": "packages/feature-agent-health",
      "link": true
    },
    "node_modules/@agora-de/feature-app-launcher": {
      "resolved": "packages/feature-app-launcher",
      "link": true
    },
    "node_modules/@agora-de/feature-audit-tail": {
      "resolved": "packages/feature-audit-tail",
      "link": true
    },
    "node_modules/@agora-de/feature-command-center": {
      "resolved": "packages/feature-command-center",
      "link": true
    },
    "node_modules/@agora-de/feature-escalations": {
      "resolved": "packages/feature-escalations",
      "link": true
    },
    "node_modules/@agora-de/feature-notifications": {
      "resolved": "packages/feature-notifications",
      "link": true
    },
    "node_modules/@agora-de/feature-settings-appearance": {
      "resolved": "packages/feature-settings-appearance",
      "link": true
    },
    "node_modules/@agora-de/feature-settings-diagnostics": {
      "resolved": "packages/feature-settings-diagnostics",
      "link": true
    },
    "node_modules/@agora-de/feature-settings-displays": {
      "resolved": "packages/feature-settings-displays",
      "link": true
    },
    "node_modules/@agora-de/feature-settings-host": {
      "resolved": "packages/feature-settings-host",
      "link": true
    },
    "node_modules/@agora-de/feature-settings-shortcuts": {
      "resolved": "packages/feature-settings-shortcuts",
      "link": true
    },
    "node_modules/@agora-de/feature-settings-window-management": {
      "resolved": "packages/feature-settings-window-management",
      "link": true
    },
    "node_modules/@agora-de/feature-taskbar": {
      "resolved": "packages/feature-taskbar",
      "link": true
    },
    "node_modules/@agora-de/feature-work-surface-controls": {
      "resolved": "packages/feature-work-surface-controls",
      "link": true
    },
    "node_modules/@agora-de/platform": {
      "resolved": "packages/platform",
      "link": true
    },
    "node_modules/@agora-de/protocol": {
      "resolved": "packages/protocol",
      "link": true
    },
    "node_modules/@agora-de/renderer": {
      "resolved": "packages/renderer",
      "link": true
    },
    "node_modules/@agora-de/settings-testing-fixtures": {
      "resolved": "packages/settings-testing-fixtures",
      "link": true
    },
    "node_modules/@agora-de/shell": {
      "resolved": "packages/shell",
      "link": true
    },
    "node_modules/@agora-de/store": {
      "resolved": "packages/store",
      "link": true
    },
    "node_modules/@agora-de/testing-fixtures": {
      "resolved": "packages/testing-fixtures",
      "link": true
    },
    "node_modules/@agora-de/theme": {
      "resolved": "packages/theme",
      "link": true
    },
    "node_modules/@agora-de/transport": {
      "resolved": "packages/transport",
      "link": true
    },
    "node_modules/typescript": {
      "version": "5.9.3",
      "resolved": "https://registry.npmjs.org/typescript/-/typescript-5.9.3.tgz",
      "integrity": "sha512-jl1vZzPDinLr9eUt3J/t7V6FgNEw9QjvBPdysz9KfQDD41fQrC2Y4vKQdiaUpFT4bXlb1RHhLpp8wtm6M5TgSw==",
      "dev": true,
      "license": "Apache-2.0",
      "bin": {
        "tsc": "bin/tsc",
        "tsserver": "bin/tsserver"
      },
      "engines": {
        "node": ">=14.17"
      }
    },
    "packages/components": {
      "name": "@agora-de/components",
      "dependencies": {
        "@agora-de/theme": "*"
      }
    },
    "packages/domain": {
      "name": "@agora-de/domain",
      "dependencies": {
        "@agora-de/protocol": "*"
      }
    },
    "packages/feature-agent-health": {
      "name": "@agora-de/feature-agent-health",
      "dependencies": {
        "@agora-de/components": "*",
        "@agora-de/domain": "*",
        "@agora-de/platform": "*",
        "@agora-de/protocol": "*",
        "@agora-de/renderer": "*",
        "@agora-de/store": "*",
        "@agora-de/theme": "*"
      }
    },
    "packages/feature-app-launcher": {
      "name": "@agora-de/feature-app-launcher",
      "dependencies": {
        "@agora-de/components": "*",
        "@agora-de/domain": "*",
        "@agora-de/platform": "*",
        "@agora-de/protocol": "*",
        "@agora-de/renderer": "*",
        "@agora-de/store": "*",
        "@agora-de/theme": "*"
      }
    },
    "packages/feature-audit-tail": {
      "name": "@agora-de/feature-audit-tail",
      "dependencies": {
        "@agora-de/components": "*",
        "@agora-de/domain": "*",
        "@agora-de/platform": "*",
        "@agora-de/protocol": "*",
        "@agora-de/renderer": "*",
        "@agora-de/store": "*",
        "@agora-de/theme": "*"
      }
    },
    "packages/feature-command-center": {
      "name": "@agora-de/feature-command-center",
      "dependencies": {
        "@agora-de/components": "*",
        "@agora-de/domain": "*",
        "@agora-de/platform": "*",
        "@agora-de/protocol": "*",
        "@agora-de/renderer": "*",
        "@agora-de/store": "*",
        "@agora-de/theme": "*"
      }
    },
    "packages/feature-escalations": {
      "name": "@agora-de/feature-escalations",
      "dependencies": {
        "@agora-de/components": "*",
        "@agora-de/domain": "*",
        "@agora-de/platform": "*",
        "@agora-de/protocol": "*",
        "@agora-de/renderer": "*",
        "@agora-de/store": "*",
        "@agora-de/theme": "*"
      }
    },
    "packages/feature-notifications": {
      "name": "@agora-de/feature-notifications",
      "dependencies": {
        "@agora-de/components": "*",
        "@agora-de/domain": "*",
        "@agora-de/platform": "*",
        "@agora-de/protocol": "*",
        "@agora-de/renderer": "*",
        "@agora-de/store": "*",
        "@agora-de/theme": "*"
      }
    },
    "packages/feature-settings-appearance": {
      "name": "@agora-de/feature-settings-appearance",
      "dependencies": {
        "@agora-de/domain": "*",
        "@agora-de/protocol": "*"
      }
    },
    "packages/feature-settings-diagnostics": {
      "name": "@agora-de/feature-settings-diagnostics",
      "dependencies": {
        "@agora-de/domain": "*",
        "@agora-de/protocol": "*"
      }
    },
    "packages/feature-settings-displays": {
      "name": "@agora-de/feature-settings-displays",
      "dependencies": {
        "@agora-de/domain": "*",
        "@agora-de/protocol": "*"
      }
    },
    "packages/feature-settings-host": {
      "name": "@agora-de/feature-settings-host",
      "dependencies": {
        "@agora-de/domain": "*",
        "@agora-de/protocol": "*",
        "@agora-de/theme": "*"
      }
    },
    "packages/feature-settings-shortcuts": {
      "name": "@agora-de/feature-settings-shortcuts",
      "dependencies": {
        "@agora-de/domain": "*",
        "@agora-de/protocol": "*"
      }
    },
    "packages/feature-settings-window-management": {
      "name": "@agora-de/feature-settings-window-management",
      "dependencies": {
        "@agora-de/domain": "*",
        "@agora-de/protocol": "*"
      }
    },
    "packages/feature-taskbar": {
      "name": "@agora-de/feature-taskbar",
      "dependencies": {
        "@agora-de/components": "*",
        "@agora-de/domain": "*",
        "@agora-de/platform": "*",
        "@agora-de/protocol": "*",
        "@agora-de/renderer": "*",
        "@agora-de/store": "*",
        "@agora-de/theme": "*"
      }
    },
    "packages/feature-work-surface-controls": {
      "name": "@agora-de/feature-work-surface-controls",
      "dependencies": {
        "@agora-de/components": "*",
        "@agora-de/domain": "*",
        "@agora-de/platform": "*",
        "@agora-de/protocol": "*",
        "@agora-de/renderer": "*",
        "@agora-de/store": "*",
        "@agora-de/theme": "*"
      }
    },
    "packages/platform": {
      "name": "@agora-de/platform"
    },
    "packages/protocol": {
      "name": "@agora-de/protocol"
    },
    "packages/renderer": {
      "name": "@agora-de/renderer",
      "dependencies": {
        "@agora-de/components": "*",
        "@agora-de/domain": "*",
        "@agora-de/theme": "*"
      }
    },
    "packages/settings-testing-fixtures": {
      "name": "@agora-de/settings-testing-fixtures",
      "dependencies": {
        "@agora-de/domain": "*",
        "@agora-de/feature-settings-appearance": "*",
        "@agora-de/feature-settings-diagnostics": "*",
        "@agora-de/feature-settings-displays": "*",
        "@agora-de/feature-settings-host": "*",
        "@agora-de/feature-settings-shortcuts": "*",
        "@agora-de/feature-settings-window-management": "*",
        "@agora-de/protocol": "*"
      }
    },
    "packages/shell": {
      "name": "@agora-de/shell",
      "dependencies": {
        "@agora-de/domain": "*",
        "@agora-de/feature-agent-health": "*",
        "@agora-de/feature-app-launcher": "*",
        "@agora-de/feature-audit-tail": "*",
        "@agora-de/feature-command-center": "*",
        "@agora-de/feature-escalations": "*",
        "@agora-de/feature-notifications": "*",
        "@agora-de/feature-settings-appearance": "*",
        "@agora-de/feature-settings-diagnostics": "*",
        "@agora-de/feature-settings-displays": "*",
        "@agora-de/feature-settings-host": "*",
        "@agora-de/feature-settings-shortcuts": "*",
        "@agora-de/feature-settings-window-management": "*",
        "@agora-de/feature-taskbar": "*",
        "@agora-de/feature-work-surface-controls": "*",
        "@agora-de/platform": "*",
        "@agora-de/store": "*",
        "@agora-de/theme": "*"
      }
    },
    "packages/store": {
      "name": "@agora-de/store",
      "dependencies": {
        "@agora-de/domain": "*",
        "@agora-de/platform": "*",
        "@agora-de/protocol": "*",
        "@agora-de/transport": "*"
      }
    },
    "packages/testing-fixtures": {
      "name": "@agora-de/testing-fixtures",
      "dependencies": {
        "@agora-de/domain": "*",
        "@agora-de/feature-agent-health": "*",
        "@agora-de/feature-app-launcher": "*",
        "@agora-de/feature-audit-tail": "*",
        "@agora-de/feature-escalations": "*",
        "@agora-de/feature-taskbar": "*",
        "@agora-de/feature-work-surface-controls": "*",
        "@agora-de/protocol": "*",
        "@agora-de/shell": "*",
        "@agora-de/store": "*",
        "@agora-de/theme": "*",
        "@agora-de/transport": "*"
      }
    },
    "packages/theme": {
      "name": "@agora-de/theme"
    },
    "packages/transport": {
      "name": "@agora-de/transport",
      "dependencies": {
        "@agora-de/protocol": "*"
      }
    }
  }
}
