# This file is automatically @generated by Cargo.
# It is not intended for manual editing.
version = 4

[[package]]
name = "backend-standard-wayland-probe"
version = "0.1.0"
dependencies = [
 "compositor-backend-api",
 "de-error",
 "de-ids",
]

[[package]]
name = "backend-wayfire-protocol"
version = "0.1.0"
dependencies = [
 "compositor-backend-api",
 "de-error",
 "de-ids",
]

[[package]]
name = "capture-classifier"
version = "0.1.0"
dependencies = [
 "de-error",
 "de-ids",
 "protocol-evidence",
]

[[package]]
name = "compositor-backend-api"
version = "0.1.0"
dependencies = [
 "de-error",
 "de-ids",
 "protocol-compositor",
 "protocol-evidence",
]

[[package]]
name = "de-error"
version = "0.1.0"

[[package]]
name = "de-ids"
version = "0.1.0"

[[package]]
name = "de-time"
version = "0.1.0"

[[package]]
name = "evidence-classifier"
version = "0.1.0"
dependencies = [
 "de-error",
 "de-ids",
 "de-time",
 "protocol-evidence",
]

[[package]]
name = "evidence-inspect"
version = "0.1.0"
dependencies = [
 "evidence-classifier",
 "protocol-evidence",
]

[[package]]
name = "grant-model"
version = "0.1.0"
dependencies = [
 "de-error",
 "de-ids",
 "de-time",
 "protocol-os-boundary",
]

[[package]]
name = "launch-model"
version = "0.1.0"
dependencies = [
 "de-error",
 "de-ids",
 "de-time",
 "protocol-compositor",
]

[[package]]
name = "layout-model"
version = "0.1.0"
dependencies = [
 "de-error",
 "de-ids",
 "protocol-compositor",
 "protocol-shell",
]

[[package]]
name = "policy-projection"
version = "0.1.0"
dependencies = [
 "de-error",
 "de-ids",
 "grant-model",
 "surface-model",
]

[[package]]
name = "protocol-codegen"
version = "0.1.0"
dependencies = [
 "protocol-compositor",
 "protocol-evidence",
 "protocol-os-boundary",
 "protocol-shell",
]

[[package]]
name = "protocol-compositor"
version = "0.1.0"
dependencies = [
 "de-error",
 "de-ids",
]

[[package]]
name = "protocol-dump"
version = "0.1.0"
dependencies = [
 "protocol-compositor",
 "protocol-evidence",
 "protocol-os-boundary",
 "protocol-shell",
]

[[package]]
name = "protocol-evidence"
version = "0.1.0"
dependencies = [
 "de-error",
 "de-ids",
 "de-time",
]

[[package]]
name = "protocol-os-boundary"
version = "0.1.0"
dependencies = [
 "de-error",
 "de-ids",
 "de-time",
]

[[package]]
name = "protocol-shell"
version = "0.1.0"
dependencies = [
 "de-error",
 "de-ids",
]

[[package]]
name = "session-model"
version = "0.1.0"
dependencies = [
 "de-error",
 "de-ids",
 "de-time",
]

[[package]]
name = "smithay-spike"
version = "0.1.0"
dependencies = [
 "compositor-backend-api",
 "de-error",
 "de-ids",
]

[[package]]
name = "surface-model"
version = "0.1.0"
dependencies = [
 "de-error",
 "de-ids",
 "protocol-compositor",
]

[[package]]
name = "theme-sanitizer"
version = "0.1.0"
dependencies = [
 "de-error",
 "protocol-shell",
]
